
Microsoft Visual Studio Solution File, Format Version 11.00
# Visual Studio 2010
Project("{FAE04EC0-301F-11D3-BF4B-00C04F79EFBC}") = "MixamoMultiplayer", "Assembly-CSharp.csproj", "{F92931FE-B068-8FD9-8883-FB4211623040}"
EndProject
Project("{FAE04EC0-301F-11D3-BF4B-00C04F79EFBC}") = "MixamoMultiplayer", "Assembly-CSharp-Editor.csproj", "{284410D6-AAD7-43B7-19E9-B0CC0BCED701}"
EndProject
Global
	GlobalSection(SolutionConfigurationPlatforms) = preSolution
		Debug|Any CPU = Debug|Any CPU
		Release|Any CPU = Release|Any CPU
	EndGlobalSection
	GlobalSection(ProjectConfigurationPlatforms) = postSolution
		{F92931FE-B068-8FD9-8883-FB4211623040}.Debug|Any CPU.ActiveCfg = Debug|Any CPU
		{F92931FE-B068-8FD9-8883-FB4211623040}.Debug|Any CPU.Build.0 = Debug|Any CPU
		{F92931FE-B068-8FD9-8883-FB4211623040}.Release|Any CPU.ActiveCfg = Release|Any CPU
		{F92931FE-B068-8FD9-8883-FB4211623040}.Release|Any CPU.Build.0 = Release|Any CPU
		{284410D6-AAD7-43B7-19E9-B0CC0BCED701}.Debug|Any CPU.ActiveCfg = Debug|Any CPU
		{284410D6-AAD7-43B7-19E9-B0CC0BCED701}.Debug|Any CPU.Build.0 = Debug|Any CPU
		{284410D6-AAD7-43B7-19E9-B0CC0BCED701}.Release|Any CPU.ActiveCfg = Release|Any CPU
		{284410D6-AAD7-43B7-19E9-B0CC0BCED701}.Release|Any CPU.Build.0 = Release|Any CPU
	EndGlobalSection
	GlobalSection(SolutionProperties) = preSolution
		HideSolutionNode = FALSE
	EndGlobalSection
	GlobalSection(MonoDevelopProperties) = preSolution
		StartupItem = Assembly-CSharp.csproj
	EndGlobalSection
EndGlobal
